
Microsoft Visual Studio Solution File, Format Version 12.00
# Visual Studio 15
VisualStudioVersion = 15.0.26730.16
MinimumVisualStudioVersion = 10.0.40219.1
Project("{FAE04EC0-301F-11D3-BF4B-00C04F79EFBC}") = "PrintMultiplePages", "PrintMultiplePages\PrintMultiplePages.csproj", "{13B98245-A0E3-4E27-AA2C-9F4AB04D0D00}"
EndProject
Global
	GlobalSection(SolutionConfigurationPlatforms) = preSolution
		Debug|Any CPU = Debug|Any CPU
		Release|Any CPU = Release|Any CPU
	EndGlobalSection
	GlobalSection(ProjectConfigurationPlatforms) = postSolution
		{13B98245-A0E3-4E27-AA2C-9F4AB04D0D00}.Debug|Any CPU.ActiveCfg = Debug|Any CPU
		{13B98245-A0E3-4E27-AA2C-9F4AB04D0D00}.Debug|Any CPU.Build.0 = Debug|Any CPU
		{13B98245-A0E3-4E27-AA2C-9F4AB04D0D00}.Release|Any CPU.ActiveCfg = Release|Any CPU
		{13B98245-A0E3-4E27-AA2C-9F4AB04D0D00}.Release|Any CPU.Build.0 = Release|Any CPU
	EndGlobalSection
	GlobalSection(SolutionProperties) = preSolution
		HideSolutionNode = FALSE
	EndGlobalSection
	GlobalSection(ExtensibilityGlobals) = postSolution
		SolutionGuid = {D2A4C866-8287-4039-B5B4-B847DFF4E463}
	EndGlobalSection
EndGlobal
